
Microsoft Visual Studio Solution File, Format Version 12.00
# Visual Studio Version 16
VisualStudioVersion = 16.0.30114.105
MinimumVisualStudioVersion = 10.0.40219.1
Project("{FAE04EC0-301F-11D3-BF4B-00C04F79EFBC}") = "Overridemethos", "Overridemethos\Overridemethos.csproj", "{474EB145-0BC9-45F2-BF4F-34437D23098E}"
EndProject
Global
	GlobalSection(SolutionConfigurationPlatforms) = preSolution
		Debug|Any CPU = Debug|Any CPU
		Release|Any CPU = Release|Any CPU
	EndGlobalSection
	GlobalSection(ProjectConfigurationPlatforms) = postSolution
		{474EB145-0BC9-45F2-BF4F-34437D23098E}.Debug|Any CPU.ActiveCfg = Debug|Any CPU
		{474EB145-0BC9-45F2-BF4F-34437D23098E}.Debug|Any CPU.Build.0 = Debug|Any CPU
		{474EB145-0BC9-45F2-BF4F-34437D23098E}.Release|Any CPU.ActiveCfg = Release|Any CPU
		{474EB145-0BC9-45F2-BF4F-34437D23098E}.Release|Any CPU.Build.0 = Release|Any CPU
	EndGlobalSection
	GlobalSection(SolutionProperties) = preSolution
		HideSolutionNode = FALSE
	EndGlobalSection
	GlobalSection(ExtensibilityGlobals) = postSolution
		SolutionGuid = {46DC22F5-8CAA-49C3-9C30-609DFE0C5FB6}
	EndGlobalSection
EndGlobal
